// !$*UTF8*$!
{
	archiveVersion = 1;
	classes = {
	};
	objectVersion = 46;
	objects = {

/* Begin PBXBuildFile section */
		7AC3C4361A57F60E004DEB5B /* AppDelegate.swift in Sources */ = {isa = PBXBuildFile; fileRef = 7AC3C4351A57F60E004DEB5B /* AppDelegate.swift */; };
		7AC3C4381A57F60E004DEB5B /* ViewController.swift in Sources */ = {isa = PBXBuildFile; fileRef = 7AC3C4371A57F60E004DEB5B /* ViewController.swift */; };
		7AC3C43B1A57F60E004DEB5B /* Main.storyboard in Resources */ = {isa = PBXBuildFile; fileRef = 7AC3C4391A57F60E004DEB5B /* Main.storyboard */; };
		7AC3C43D1A57F60E004DEB5B /* Images.xcassets in Resources */ = {isa = PBXBuildFile; fileRef = 7AC3C43C1A57F60E004DEB5B /* Images.xcassets */; };
		7AC3C4401A57F60E004DEB5B /* LaunchScreen.xib in Resources */ = {isa = PBXBuildFile; fileRef = 7AC3C43E1A57F60E004DEB5B /* LaunchScreen.xib */; };
		7AC3C44C1A57F60F004DEB5B /* _9RedBallonsTests.swift in Sources */ = {isa = PBXBuildFile; fileRef = 7AC3C44B1A57F60F004DEB5B /* _9RedBallonsTests.swift */; };
/* End PBXBuildFile section */

/* Begin PBXContainerItemProxy section */
		7AC3C4461A57F60E004DEB5B /* PBXContainerItemProxy */ = {
			isa = PBXContainerItemProxy;
			containerPortal = 7AC3C4281A57F60D004DEB5B /* Project object */;
			proxyType = 1;
			remoteGlobalIDString = 7AC3C42F1A57F60D004DEB5B;
			remoteInfo = 99RedBallons;
		};
/* End PBXContainerItemProxy section */

/* Begin PBXFileReference section */
		7AC3C4301A57F60D004DEB5B /* 99RedBallons.app */ = {isa = PBXFileReference; explicitFileType = wrapper.application; includeInIndex = 0; path = 99RedBallons.app; sourceTree = BUILT_PRODUCTS_DIR; };
		7AC3C4341A57F60E004DEB5B /* Info.plist */ = {isa = PBXFileReference; lastKnownFileType = text.plist.xml; path = Info.plist; sourceTree = "<group>"; };
		7AC3C4351A57F60E004DEB5B /* AppDelegate.swift */ = {isa = PBXFileReference; lastKnownFileType = sourcecode.swift; path = AppDelegate.swift; sourceTree = "<group>"; };
		7AC3C4371A57F60E004DEB5B /* ViewController.swift */ = {isa = PBXFileReference; lastKnownFileType = sourcecode.swift; path = ViewController.swift; sourceTree = "<group>"; };
		7AC3C43A1A57F60E004DEB5B /* Base */ = {isa = PBXFileReference; lastKnownFileType = file.storyboard; name = Base; path = Base.lproj/Main.storyboard; sourceTree = "<group>"; };
		7AC3C43C1A57F60E004DEB5B /* Images.xcassets */ = {isa = PBXFileReference; lastKnownFileType = folder.assetcatalog; path = Images.xcassets; sourceTree = "<group>"; };
		7AC3C43F1A57F60E004DEB5B /* Base */ = {isa = PBXFileReference; lastKnownFileType = file.xib; name = Base; path = Base.lproj/LaunchScreen.xib; sourceTree = "<group>"; };
		7AC3C4451A57F60E004DEB5B /* 99RedBallonsTests.xctest */ = {isa = PBXFileReference; explicitFileType = wrapper.cfbundle; includeInIndex = 0; path = 99RedBallonsTests.xctest; sourceTree = BUILT_PRODUCTS_DIR; };
		7AC3C44A1A57F60F004DEB5B /* Info.plist */ = {isa = PBXFileReference; lastKnownFileType = text.plist.xml; path = Info.plist; sourceTree = "<group>"; };
		7AC3C44B1A57F60F004DEB5B /* _9RedBallonsTests.swift */ = {isa = PBXFileReference; lastKnownFileType = sourcecode.swift; path = _9RedBallonsTests.swift; sourceTree = "<group>"; };
/* End PBXFileReference section */

/* Begin PBXFrameworksBuildPhase section */
		7AC3C42D1A57F60D004DEB5B /* Frameworks */ = {
			isa = PBXFrameworksBuildPhase;
			buildActionMask = 2147483647;
			files = (
			);
			runOnlyForDeploymentPostprocessing = 0;
		};
		7AC3C4421A57F60E004DEB5B /* Frameworks */ = {
			isa = PBXFrameworksBuildPhase;
			buildActionMask = 2147483647;
			files = (
			);
			runOnlyForDeploymentPostprocessing = 0;
		};
/* End PBXFrameworksBuildPhase section */

/* Begin PBXGroup section */
		7AC3C4271A57F60D004DEB5B = {
			isa = PBXGroup;
			children = (
				7AC3C4321A57F60D004DEB5B /* 99RedBallons */,
				7AC3C4481A57F60E004DEB5B /* 99RedBallonsTests */,
				7AC3C4311A57F60D004DEB5B /* Products */,
			);
			sourceTree = "<group>";
		};
		7AC3C4311A57F60D004DEB5B /* Products */ = {
			isa = PBXGroup;
			children = (
				7AC3C4301A57F60D004DEB5B /* 99RedBallons.app */,
				7AC3C4451A57F60E004DEB5B /* 99RedBallonsTests.xctest */,
			);
			name = Products;
			sourceTree = "<group>";
		};
		7AC3C4321A57F60D004DEB5B /* 99RedBallons */ = {
			isa = PBXGroup;
			children = (
				7AC3C4351A57F60E004DEB5B /* AppDelegate.swift */,
				7AC3C4371A57F60E004DEB5B /* ViewController.swift */,
				7AC3C4391A57F60E004DEB5B /* Main.storyboard */,
				7AC3C43C1A57F60E004DEB5B /* Images.xcassets */,
				7AC3C43E1A57F60E004DEB5B /* LaunchScreen.xib */,
				7AC3C4331A57F60D004DEB5B /* Supporting Files */,
			);
			path = 99RedBallons;
			sourceTree = "<group>";
		};
		7AC3C4331A57F60D004DEB5B /* Supporting Files */ = {
			isa = PBXGroup;
			children = (
				7AC3C4341A57F60E004DEB5B /* Info.plist */,
			);
			name = "Supporting Files";
			sourceTree = "<group>";
		};
		7AC3C4481A57F60E004DEB5B /* 99RedBallonsTests */ = {
			isa = PBXGroup;
			children = (
				7AC3C44B1A57F60F004DEB5B /* _9RedBallonsTests.swift */,
				7AC3C4491A57F60F004DEB5B /* Supporting Files */,
			);
			path = 99RedBallonsTests;
			sourceTree = "<group>";
		};
		7AC3C4491A57F60F004DEB5B /* Supporting Files */ = {
			isa = PBXGroup;
			children = (
				7AC3C44A1A57F60F004DEB5B /* Info.plist */,
			);
			name = "Supporting Files";
			sourceTree = "<group>";
		};
/* End PBXGroup section */

/* Begin PBXNativeTarget section */
		7AC3C42F1A57F60D004DEB5B /* 99RedBallons */ = {
			isa = PBXNativeTarget;
			buildConfigurationList = 7AC3C44F1A57F60F004DEB5B /* Build configuration list for PBXNativeTarget "99RedBallons" */;
			buildPhases = (
				7AC3C42C1A57F60D004DEB5B /* Sources */,
				7AC3C42D1A57F60D004DEB5B /* Frameworks */,
				7AC3C42E1A57F60D004DEB5B /* Resources */,
			);
			buildRules = (
			);
			dependencies = (
			);
			name = 99RedBallons;
			productName = 99RedBallons;
			productReference = 7AC3C4301A57F60D004DEB5B /* 99RedBallons.app */;
			productType = "com.apple.product-type.application";
		};
		7AC3C4441A57F60E004DEB5B /* 99RedBallonsTests */ = {
			isa = PBXNativeTarget;
			buildConfigurationList = 7AC3C4521A57F60F004DEB5B /* Build configuration list for PBXNativeTarget "99RedBallonsTests" */;
			buildPhases = (
				7AC3C4411A57F60E004DEB5B /* Sources */,
				7AC3C4421A57F60E004DEB5B /* Frameworks */,
				7AC3C4431A57F60E004DEB5B /* Resources */,
			);
			buildRules = (
			);
			dependencies = (
				7AC3C4471A57F60E004DEB5B /* PBXTargetDependency */,
			);
			name = 99RedBallonsTests;
			productName = 99RedBallonsTests;
			productReference = 7AC3C4451A57F60E004DEB5B /* 99RedBallonsTests.xctest */;
			productType = "com.apple.product-type.bundle.unit-test";
		};
/* End PBXNativeTarget section */

/* Begin PBXProject section */
		7AC3C4281A57F60D004DEB5B /* Project object */ = {
			isa = PBXProject;
			attributes = {
				LastUpgradeCheck = 0610;
				ORGANIZATIONNAME = Andy;
				TargetAttributes = {
					7AC3C42F1A57F60D004DEB5B = {
						CreatedOnToolsVersion = 6.1.1;
					};
					7AC3C4441A57F60E004DEB5B = {
						CreatedOnToolsVersion = 6.1.1;
						TestTargetID = 7AC3C42F1A57F60D004DEB5B;
					};
				};
			};
			buildConfigurationList = 7AC3C42B1A57F60D004DEB5B /* Build configuration list for PBXProject "99RedBallons" */;
			compatibilityVersion = "Xcode 3.2";
			developmentRegion = English;
			hasScannedForEncodings = 0;
			knownRegions = (
				en,
				Base,
			);
			mainGroup = 7AC3C4271A57F60D004DEB5B;
			productRefGroup = 7AC3C4311A57F60D004DEB5B /* Products */;
			projectDirPath = "";
			projectRoot = "";
			targets = (
				7AC3C42F1A57F60D004DEB5B /* 99RedBallons */,
				7AC3C4441A57F60E004DEB5B /* 99RedBallonsTests */,
			);
		};
/* End PBXProject section */

/* Begin PBXResourcesBuildPhase section */
		7AC3C42E1A57F60D004DEB5B /* Resources */ = {
			isa = PBXResourcesBuildPhase;
			buildActionMask = 2147483647;
			files = (
				7AC3C43B1A57F60E004DEB5B /* Main.storyboard in Resources */,
				7AC3C4401A57F60E004DEB5B /* LaunchScreen.xib in Resources */,
				7AC3C43D1A57F60E004DEB5B /* Images.xcassets in Resources */,
			);
			runOnlyForDeploymentPostprocessing = 0;
		};
		7AC3C4431A57F60E004DEB5B /* Resources */ = {
			isa = PBXResourcesBuildPhase;
			buildActionMask = 2147483647;
			files = (
			);
			runOnlyForDeploymentPostprocessing = 0;
		};
/* End PBXResourcesBuildPhase section */

/* Begin PBXSourcesBuildPhase section */
		7AC3C42C1A57F60D004DEB5B /* Sources */ = {
			isa = PBXSourcesBuildPhase;
			buildActionMask = 2147483647;
			files = (
				7AC3C4381A57F60E004DEB5B /* ViewController.swift in Sources */,
				7AC3C4361A57F60E004DEB5B /* AppDelegate.swift in Sources */,
			);
			runOnlyForDeploymentPostprocessing = 0;
		};
		7AC3C4411A57F60E004DEB5B /* Sources */ = {
			isa = PBXSourcesBuildPhase;
			buildActionMask = 2147483647;
			files = (
				7AC3C44C1A57F60F004DEB5B /* _9RedBallonsTests.swift in Sources */,
			);
			runOnlyForDeploymentPostprocessing = 0;
		};
/* End PBXSourcesBuildPhase section */

/* Begin PBXTargetDependency section */
		7AC3C4471A57F60E004DEB5B /* PBXTargetDependency */ = {
			isa = PBXTargetDependency;
			target = 7AC3C42F1A57F60D004DEB5B /* 99RedBallons */;
			targetProxy = 7AC3C4461A57F60E004DEB5B /* PBXContainerItemProxy */;
		};
/* End PBXTargetDependency section */

/* Begin PBXVariantGroup section */
		7AC3C4391A57F60E004DEB5B /* Main.storyboard */ = {
			isa = PBXVariantGroup;
			children = (
				7AC3C43A1A57F60E004DEB5B /* Base */,
			);
			name = Main.storyboard;
			sourceTree = "<group>";
		};
		7AC3C43E1A57F60E004DEB5B /* LaunchScreen.xib */ = {
			isa = PBXVariantGroup;
			children = (
				7AC3C43F1A57F60E004DEB5B /* Base */,
			);
			name = LaunchScreen.xib;
			sourceTree = "<group>";
		};
/* End PBXVariantGroup section */

/* Begin XCBuildConfiguration section */
		7AC3C44D1A57F60F004DEB5B /* Debug */ = {
			isa = XCBuildConfiguration;
			buildSettings = {
				ALWAYS_SEARCH_USER_PATHS = NO;
				CLANG_CXX_LANGUAGE_STANDARD = "gnu++0x";
				CLANG_CXX_LIBRARY = "libc++";
				CLANG_ENABLE_MODULES = YES;
				CLANG_ENABLE_OBJC_ARC = YES;
				CLANG_WARN_BOOL_CONVERSION = YES;
				CLANG_WARN_CONSTANT_CONVERSION = YES;
				CLANG_WARN_DIRECT_OBJC_ISA_USAGE = YES_ERROR;
				CLANG_WARN_EMPTY_BODY = YES;
				CLANG_WARN_ENUM_CONVERSION = YES;
				CLANG_WARN_INT_CONVERSION = YES;
				CLANG_WARN_OBJC_ROOT_CLASS = YES_ERROR;
				CLANG_WARN_UNREACHABLE_CODE = YES;
				CLANG_WARN__DUPLICATE_METHOD_MATCH = YES;
				"CODE_SIGN_IDENTITY[sdk=iphoneos*]" = "iPhone Developer";
				COPY_PHASE_STRIP = NO;
				ENABLE_STRICT_OBJC_MSGSEND = YES;
				GCC_C_LANGUAGE_STANDARD = gnu99;
				GCC_DYNAMIC_NO_PIC = NO;
				GCC_OPTIMIZATION_LEVEL = 0;
				GCC_PREPROCESSOR_DEFINITIONS = (
					"DEBUG=1",
					"$(inherited)",
				);
				GCC_SYMBOLS_PRIVATE_EXTERN = NO;
				GCC_WARN_64_TO_32_BIT_CONVERSION = YES;
				GCC_WARN_ABOUT_RETURN_TYPE = YES_ERROR;
				GCC_WARN_UNDECLARED_SELECTOR = YES;
				GCC_WARN_UNINITIALIZED_AUTOS = YES_AGGRESSIVE;
				GCC_WARN_UNUSED_FUNCTION = YES;
				GCC_WARN_UNUSED_VARIABLE = YES;
				IPHONEOS_DEPLOYMENT_TARGET = 8.1;
				MTL_ENABLE_DEBUG_INFO = YES;
				ONLY_ACTIVE_ARCH = YES;
				SDKROOT = iphoneos;
				SWIFT_OPTIMIZATION_LEVEL = "-Onone";
				TARGETED_DEVICE_FAMILY = "1,2";
			};
			name = Debug;
		};
		7AC3C44E1A57F60F004DEB5B /* Release */ = {
			isa = XCBuildConfiguration;
			buildSettings = {
				ALWAYS_SEARCH_USER_PATHS = NO;
				CLANG_CXX_LANGUAGE_STANDARD = "gnu++0x";
				CLANG_CXX_LIBRARY = "libc++";
				CLANG_ENABLE_MODULES = YES;
				CLANG_ENABLE_OBJC_ARC = YES;
				CLANG_WARN_BOOL_CONVERSION = YES;
				CLANG_WARN_CONSTANT_CONVERSION = YES;
				CLANG_WARN_DIRECT_OBJC_ISA_USAGE = YES_ERROR;
				CLANG_WARN_EMPTY_BODY = YES;
				CLANG_WARN_ENUM_CONVERSION = YES;
				CLANG_WARN_INT_CONVERSION = YES;
				CLANG_WARN_OBJC_ROOT_CLASS = YES_ERROR;
				CLANG_WARN_UNREACHABLE_CODE = YES;
				CLANG_WARN__DUPLICATE_METHOD_MATCH = YES;
				"CODE_SIGN_IDENTITY[sdk=iphoneos*]" = "iPhone Developer";
				COPY_PHASE_STRIP = YES;
				ENABLE_NS_ASSERTIONS = NO;
				ENABLE_STRICT_OBJC_MSGSEND = YES;
				GCC_C_LANGUAGE_STANDARD = gnu99;
				GCC_WARN_64_TO_32_BIT_CONVERSION = YES;
				GCC_WARN_ABOUT_RETURN_TYPE = YES_ERROR;
				GCC_WARN_UNDECLARED_SELECTOR = YES;
				GCC_WARN_UNINITIALIZED_AUTOS = YES_AGGRESSIVE;
				GCC_WARN_UNUSED_FUNCTION = YES;
				GCC_WARN_UNUSED_VARIABLE = YES;
				IPHONEOS_DEPLOYMENT_TARGET = 8.1;
				MTL_ENABLE_DEBUG_INFO = NO;
				SDKROOT = iphoneos;
				TARGETED_DEVICE_FAMILY = "1,2";
				VALIDATE_PRODUCT = YES;
			};
			name = Release;
		};
		7AC3C4501A57F60F004DEB5B /* Debug */ = {
			isa = XCBuildConfiguration;
			buildSettings = {
				ASSETCATALOG_COMPILER_APPICON_NAME = AppIcon;
				INFOPLIST_FILE = 99RedBallons/Info.plist;
				LD_RUNPATH_SEARCH_PATHS = "$(inherited) @executable_path/Frameworks";
				PRODUCT_NAME = "$(TARGET_NAME)";
			};
			name = Debug;
		};
		7AC3C4511A57F60F004DEB5B /* Release */ = {
			isa = XCBuildConfiguration;
			buildSettings = {
				ASSETCATALOG_COMPILER_APPICON_NAME = AppIcon;
				INFOPLIST_FILE = 99RedBallons/Info.plist;
				LD_RUNPATH_SEARCH_PATHS = "$(inherited) @executable_path/Frameworks";
				PRODUCT_NAME = "$(TARGET_NAME)";
			};
			name = Release;
		};
		7AC3C4531A57F60F004DEB5B /* Debug */ = {
			isa = XCBuildConfiguration;
			buildSettings = {
				BUNDLE_LOADER = "$(TEST_HOST)";
				FRAMEWORK_SEARCH_PATHS = (
					"$(SDKROOT)/Developer/Library/Frameworks",
					"$(inherited)",
				);
				GCC_PREPROCESSOR_DEFINITIONS = (
					"DEBUG=1",
					"$(inherited)",
				);
				INFOPLIST_FILE = 99RedBallonsTests/Info.plist;
				LD_RUNPATH_SEARCH_PATHS = "$(inherited) @executable_path/Frameworks @loader_path/Frameworks";
				PRODUCT_NAME = "$(TARGET_NAME)";
				TEST_HOST = "$(BUILT_PRODUCTS_DIR)/99RedBallons.app/99RedBallons";
			};
			name = Debug;
		};
		7AC3C4541A57F60F004DEB5B /* Release */ = {
			isa = XCBuildConfiguration;
			buildSettings = {
				BUNDLE_LOADER = "$(TEST_HOST)";
				FRAMEWORK_SEARCH_PATHS = (
					"$(SDKROOT)/Developer/Library/Frameworks",
					"$(inherited)",
				);
				INFOPLIST_FILE = 99RedBallonsTests/Info.plist;
				LD_RUNPATH_SEARCH_PATHS = "$(inherited) @executable_path/Frameworks @loader_path/Frameworks";
				PRODUCT_NAME = "$(TARGET_NAME)";
				TEST_HOST = "$(BUILT_PRODUCTS_DIR)/99RedBallons.app/99RedBallons";
			};
			name = Release;
		};
/* End XCBuildConfiguration section */

/* Begin XCConfigurationList section */
		7AC3C42B1A57F60D004DEB5B /* Build configuration list for PBXProject "99RedBallons" */ = {
			isa = XCConfigurationList;
			buildConfigurations = (
				7AC3C44D1A57F60F004DEB5B /* Debug */,
				7AC3C44E1A57F60F004DEB5B /* Release */,
			);
			defaultConfigurationIsVisible = 0;
			defaultConfigurationName = Release;
		};
		7AC3C44F1A57F60F004DEB5B /* Build configuration list for PBXNativeTarget "99RedBallons" */ = {
			isa = XCConfigurationList;
			buildConfigurations = (
				7AC3C4501A57F60F004DEB5B /* Debug */,
				7AC3C4511A57F60F004DEB5B /* Release */,
			);
			defaultConfigurationIsVisible = 0;
		};
		7AC3C4521A57F60F004DEB5B /* Build configuration list for PBXNativeTarget "99RedBallonsTests" */ = {
			isa = XCConfigurationList;
			buildConfigurations = (
				7AC3C4531A57F60F004DEB5B /* Debug */,
				7AC3C4541A57F60F004DEB5B /* Release */,
			);
			defaultConfigurationIsVisible = 0;
		};
/* End XCConfigurationList section */
	};
	rootObject = 7AC3C4281A57F60D004DEB5B /* Project object */;
}
